
Microsoft Visual Studio Solution File, Format Version 12.00
# Visual Studio Version 16
VisualStudioVersion = 16.0.30002.166
MinimumVisualStudioVersion = 10.0.40219.1
Project("{FAE04EC0-301F-11D3-BF4B-00C04F79EFBC}") = "LAB 4-The Project", "LAB 4-The Project.csproj", "{455C6890-BD00-446A-A3D5-27EF03154636}"
EndProject
Global
	GlobalSection(SolutionConfigurationPlatforms) = preSolution
		Debug|Any CPU = Debug|Any CPU
		Release|Any CPU = Release|Any CPU
	EndGlobalSection
	GlobalSection(ProjectConfigurationPlatforms) = postSolution
		{455C6890-BD00-446A-A3D5-27EF03154636}.Debug|Any CPU.ActiveCfg = Debug|Any CPU
		{455C6890-BD00-446A-A3D5-27EF03154636}.Debug|Any CPU.Build.0 = Debug|Any CPU
		{455C6890-BD00-446A-A3D5-27EF03154636}.Release|Any CPU.ActiveCfg = Release|Any CPU
		{455C6890-BD00-446A-A3D5-27EF03154636}.Release|Any CPU.Build.0 = Release|Any CPU
	EndGlobalSection
	GlobalSection(SolutionProperties) = preSolution
		HideSolutionNode = FALSE
	EndGlobalSection
	GlobalSection(ExtensibilityGlobals) = postSolution
		SolutionGuid = {33D0C65A-8715-4D48-9326-5199687208C8}
	EndGlobalSection
EndGlobal
